dependencies:
- name: castai-db-proxy
  repository: https://castai.github.io/helm-charts
  version: 0.19.0
- name: castai-db-agent
  repository: https://castai.github.io/helm-charts
  version: 0.25.0
- name: castai-db-optimizer
  repository: https://castai.github.io/helm-charts
  version: 0.80.2
digest: sha256:28b79330ddb7a3ddd8b7e5d60a17c459feeb7e490e467d7846ba13012a041834
generated: "2026-09-15T13:10:42.75262+02:00"
