dependencies:
- name: castai-db-proxy
  repository: https://castai.github.io/helm-charts
  version: 0.16.4
- name: castai-db-agent
  repository: https://castai.github.io/helm-charts
  version: 0.25.0
- name: castai-db-optimizer
  repository: https://castai.github.io/helm-charts
  version: 0.80.2
digest: sha256:fe9e77b9ba58a3609cdf4664a961b0538634b12bec91dfae7decc8ddd2cb7285
generated: "2026-09-10T13:20:22.896683+02:00"
