dependencies:
- name: castai-db-proxy
  repository: https://castai.github.io/helm-charts
  version: 0.14.1
- name: castai-db-agent
  repository: https://castai.github.io/helm-charts
  version: 0.23.0
- name: castai-db-optimizer
  repository: https://castai.github.io/helm-charts
  version: 0.80.2
digest: sha256:b148c5e05a3d23c8f480d2b0ee4898261f71b250be732f1f9770e72cd342f83b
generated: "2026-08-24T11:35:00.050481+02:00"
