dependencies:
- name: castai-agent
  repository: https://castai.github.io/helm-charts
  version: 0.145.0
- name: castai-spot-handler
  repository: https://castai.github.io/helm-charts
  version: 0.32.0
- name: castai-kvisor
  repository: https://castai.github.io/helm-charts
  version: 1.0.131
- name: gpu-metrics-exporter
  repository: https://castai.github.io/helm-charts
  version: 0.1.29
- name: castai-cluster-controller
  repository: https://castai.github.io/helm-charts
  version: 0.90.1
- name: castai-evictor
  repository: https://castai.github.io/helm-charts
  version: 0.34.6
- name: castai-pod-mutator
  repository: https://castai.github.io/helm-charts
  version: 0.5.0
- name: castai-pod-pinner
  repository: https://castai.github.io/helm-charts
  version: 1.10.0
- name: castai-live
  repository: https://castai.github.io/helm-charts
  version: 0.75.1
digest: sha256:01bd21a312709347ba0ab7fb05c5183de3a0b212e7fb6ea932346c8ceb3e6c1f
generated: "2026-03-13T12:17:34.482827+02:00"
