dependencies:
- name: castai-agent
  repository: https://castai.github.io/helm-charts
  version: 0.145.0
- name: castai-spot-handler
  repository: https://castai.github.io/helm-charts
  version: 0.32.0
- name: castai-kvisor
  repository: https://castai.github.io/helm-charts
  version: 1.0.131
- name: gpu-metrics-exporter
  repository: https://castai.github.io/helm-charts
  version: 0.1.29
- name: castai-cluster-controller
  repository: https://castai.github.io/helm-charts
  version: 0.90.1
- name: castai-evictor
  repository: https://castai.github.io/helm-charts
  version: 0.34.6
- name: castai-pod-mutator
  repository: https://castai.github.io/helm-charts
  version: 0.5.0
- name: castai-pod-pinner
  repository: https://castai.github.io/helm-charts
  version: 1.10.0
- name: castai-live
  repository: https://castai.github.io/helm-charts
  version: 0.75.1
- name: castai-workload-autoscaler
  repository: https://castai.github.io/helm-charts
  version: 0.1.186
- name: castai-workload-autoscaler-exporter
  repository: https://castai.github.io/helm-charts
  version: 0.0.107
digest: sha256:ef8a126e78f5a3254341001d2ee7ae7cf0824cf8078ea9e18d938aa0b9ef880c
generated: "2026-03-13T12:19:02.410694+02:00"
