dependencies:
- name: castai-agent
  repository: https://castai.github.io/helm-charts
  version: 0.145.0
- name: castai-spot-handler
  repository: https://castai.github.io/helm-charts
  version: 0.32.0
- name: castai-kvisor
  repository: https://castai.github.io/helm-charts
  version: 1.0.131
- name: gpu-metrics-exporter
  repository: https://castai.github.io/helm-charts
  version: 0.1.29
- name: castai-cluster-controller
  repository: https://castai.github.io/helm-charts
  version: 0.90.1
- name: castai-evictor
  repository: https://castai.github.io/helm-charts
  version: 0.34.6
- name: castai-pod-mutator
  repository: https://castai.github.io/helm-charts
  version: 0.5.0
- name: castai-workload-autoscaler
  repository: https://castai.github.io/helm-charts
  version: 0.1.186
- name: castai-workload-autoscaler-exporter
  repository: https://castai.github.io/helm-charts
  version: 0.0.107
digest: sha256:efab0f372f968a0bf52925491fea69e8cc0d981b7257655be47881f91e566e98
generated: "2026-03-13T12:18:19.50124+02:00"
