dependencies:
- name: castai-agent
  repository: https://castai.github.io/helm-charts
  version: 0.155.5
- name: castai-cluster-controller
  repository: https://castai.github.io/helm-charts
  version: 0.92.4
- name: castai-workload-autoscaler
  repository: https://castai.github.io/helm-charts
  version: 1.0.23
- name: castai-workload-autoscaler-exporter
  repository: https://castai.github.io/helm-charts
  version: 1.0.23
- name: castai-evictor
  repository: https://castai.github.io/helm-charts
  version: 0.35.60
- name: castai-pod-mutator
  repository: https://castai.github.io/helm-charts
  version: 0.13.4
digest: sha256:f2fe91c8b47e6d6a781e1ef60aff522ac50b2b1ce2cab1730018c20ecbe38493
generated: "2026-05-26T10:18:26.11521+02:00"
