dependencies:
- name: castai-agent
  repository: https://castai.github.io/helm-charts
  version: 0.157.0
- name: castai-cluster-controller
  repository: https://castai.github.io/helm-charts
  version: 0.92.4
- name: castai-workload-autoscaler
  repository: https://castai.github.io/helm-charts
  version: 1.1.1
- name: castai-workload-autoscaler-exporter
  repository: https://castai.github.io/helm-charts
  version: 1.1.1
- name: castai-evictor
  repository: https://castai.github.io/helm-charts
  version: 0.35.67
- name: castai-pod-mutator
  repository: https://castai.github.io/helm-charts
  version: 0.13.5
digest: sha256:f5504c59ab0ef5b5bfd88fc4bb8e718a48e41c4387923552c6a0976b3d36f0f5
generated: "2026-06-02T17:18:04.465331+02:00"
