dependencies:
- name: castai-agent
  repository: https://castai.github.io/helm-charts
  version: 0.149.0
- name: castai-cluster-controller
  repository: https://castai.github.io/helm-charts
  version: 0.91.0
- name: castai-workload-autoscaler
  repository: https://castai.github.io/helm-charts
  version: 0.1.191
- name: castai-workload-autoscaler-exporter
  repository: https://castai.github.io/helm-charts
  version: 0.0.110
- name: castai-evictor
  repository: https://castai.github.io/helm-charts
  version: 0.35.3
- name: castai-pod-mutator
  repository: https://castai.github.io/helm-charts
  version: 0.5.0
digest: sha256:71d8f5b36aed8447a5388fea0183cd30d1e09bf920a5391cbda4095950d63266
generated: "2026-03-20T13:36:48.382399+01:00"
