dependencies:
- name: castai-agent
  repository: https://castai.github.io/helm-charts
  version: 0.145.0
- name: castai-spot-handler
  repository: https://castai.github.io/helm-charts
  version: 0.32.0
- name: castai-kvisor
  repository: https://castai.github.io/helm-charts
  version: 1.0.131
- name: gpu-metrics-exporter
  repository: https://castai.github.io/helm-charts
  version: 0.1.29
digest: sha256:ab41ee5be2b0bb52dc32ff5af312200601ac014dc11b79c1e3e1f1fd58f96d7d
generated: "2026-03-12T16:00:02.979411+02:00"
