dependencies:
- name: castai-agent
  repository: https://castai.github.io/helm-charts
  version: 0.152.0
- name: castai-cluster-controller
  repository: https://castai.github.io/helm-charts
  version: 0.92.0
- name: castai-kentroller
  repository: https://castai.github.io/helm-charts
  version: 0.1.117
- name: castai-workload-autoscaler
  repository: https://castai.github.io/helm-charts
  version: 1.0.0
- name: castai-live
  repository: https://castai.github.io/helm-charts
  version: 0.83.0
- name: castai-pod-mutator
  repository: https://castai.github.io/helm-charts
  version: 0.10.0
- name: castai-spot-handler
  repository: https://castai.github.io/helm-charts
  version: 0.33.0
- name: metrics-server
  repository: https://kubernetes-sigs.github.io/metrics-server/
  version: 3.13.0
- name: castai-kvisor
  repository: https://castai.github.io/helm-charts
  version: 1.0.150
digest: sha256:845d2b32483d9789ab941946a97a83e838e88e6b85cea8f1993c336c63b68d49
generated: "2026-04-16T13:57:35.136908+03:00"
