dependencies:
- name: castai-agent
  repository: https://castai.github.io/helm-charts
  version: 0.142.0
- name: castai-cluster-controller
  repository: https://castai.github.io/helm-charts
  version: 0.90.0
- name: castai-kentroller
  repository: https://castai.github.io/helm-charts
  version: 0.1.68
- name: castai-workload-autoscaler
  repository: https://castai.github.io/helm-charts
  version: 0.1.183
- name: castai-live
  repository: https://castai.github.io/helm-charts
  version: 0.71.0
- name: castai-pod-mutator
  repository: https://castai.github.io/helm-charts
  version: 0.5.0
- name: castai-evictor
  repository: https://castai.github.io/helm-charts
  version: 0.33.199
- name: metrics-server
  repository: https://kubernetes-sigs.github.io/metrics-server/
  version: 3.13.0
digest: sha256:7371990420c542f4b1e7f924815e2e54f5e7735fb19558aa577086b97424b10a
generated: "2026-03-03T11:05:05.951892+01:00"
