dependencies:
- name: castai-agent
  repository: https://castai.github.io/helm-charts
  version: 0.158.0
- name: castai-cluster-controller
  repository: https://castai.github.io/helm-charts
  version: 0.92.6
- name: castai-kentroller
  repository: https://castai.github.io/helm-charts
  version: 0.1.159
- name: castai-workload-autoscaler
  repository: https://castai.github.io/helm-charts
  version: 1.2.5
- name: castai-workload-autoscaler-exporter
  repository: https://castai.github.io/helm-charts
  version: 1.2.5
- name: castai-live
  repository: https://castai.github.io/helm-charts
  version: 0.105.0
- name: castai-pod-mutator
  repository: https://castai.github.io/helm-charts
  version: 0.15.1
- name: castai-spot-handler
  repository: https://castai.github.io/helm-charts
  version: 0.35.2
- name: metrics-server
  repository: https://kubernetes-sigs.github.io/metrics-server/
  version: 3.13.0
- name: castai-kvisor
  repository: https://castai.github.io/helm-charts
  version: 1.161.4
- name: castai-chart-upgrader
  repository: https://castai.github.io/helm-charts
  version: 0.2.0
digest: sha256:ea8ceebe9f112561e510ff0c26ffdf00f97b130c55f671c723a57c7f10d2bf9c
generated: "2026-06-17T09:02:35.71492+02:00"
