dependencies:
- name: kent
  repository: file://charts/kent
  version: 0.10.0
- name: autoscaler-anywhere
  repository: file://charts/autoscaler-anywhere
  version: 0.4.0
- name: autoscaler-openshift
  repository: file://charts/autoscaler-openshift
  version: 0.1.0
- name: autoscaler
  repository: file://charts/autoscaler
  version: 0.1.0
digest: sha256:aef03c83da456969df8c788c592d27472b2c07ded436f0abdee9f6c0ad1dff77
generated: "2026-04-09T10:28:38.414183+02:00"
