dependencies:
- name: kent
  repository: file://charts/kent
  version: 0.13.1
- name: autoscaler-anywhere
  repository: file://charts/autoscaler-anywhere
  version: 0.5.0
- name: autoscaler-openshift
  repository: file://charts/autoscaler-openshift
  version: 0.2.0
- name: autoscaler
  repository: file://charts/autoscaler
  version: 0.2.0
digest: sha256:9b14cb853ec07a941d467bee43c4488bc2160281c1e2cc0c8ff9bf556388c31c
generated: "2026-06-10T13:50:36.768015+02:00"
