dependencies:
- name: castai-agent
  repository: https://castai.github.io/helm-charts
  version: 0.153.2
- name: castai-spot-handler
  repository: https://castai.github.io/helm-charts
  version: 0.35.0
- name: castai-kvisor
  repository: https://castai.github.io/helm-charts
  version: 1.0.159
- name: gpu-metrics-exporter
  repository: https://castai.github.io/helm-charts
  version: 0.1.29
- name: castai-cluster-controller
  repository: https://castai.github.io/helm-charts
  version: 0.92.1
- name: castai-evictor
  repository: https://castai.github.io/helm-charts
  version: 0.35.43
- name: castai-pod-mutator
  repository: https://castai.github.io/helm-charts
  version: 0.13.1
- name: castai-pod-pinner
  repository: https://castai.github.io/helm-charts
  version: 1.12.3
- name: castai-live
  repository: https://castai.github.io/helm-charts
  version: 0.91.0
- name: castai-workload-autoscaler
  repository: https://castai.github.io/helm-charts
  version: 1.0.12
- name: castai-workload-autoscaler-exporter
  repository: https://castai.github.io/helm-charts
  version: 1.0.12
digest: sha256:5783fd1886faa080ea0a19e4266134b205ad18e8ff174871968dcb5d56d20ad4
generated: "2026-05-12T09:52:22.636834+03:00"
